
Microsoft Visual Studio Solution File, Format Version 12.00
# Visual Studio Version 17
VisualStudioVersion = 17.11.35219.272
MinimumVisualStudioVersion = 10.0.40219.1
Project("{FAE04EC0-301F-11D3-BF4B-00C04F79EFBC}") = "Practica04", "Practica04.csproj", "{A0ED2C7F-8715-48F9-8E0B-BF08D8B6C563}"
EndProject
Global
	GlobalSection(SolutionConfigurationPlatforms) = preSolution
		Debug|Any CPU = Debug|Any CPU
		Release|Any CPU = Release|Any CPU
	EndGlobalSection
	GlobalSection(ProjectConfigurationPlatforms) = postSolution
		{A0ED2C7F-8715-48F9-8E0B-BF08D8B6C563}.Debug|Any CPU.ActiveCfg = Debug|Any CPU
		{A0ED2C7F-8715-48F9-8E0B-BF08D8B6C563}.Debug|Any CPU.Build.0 = Debug|Any CPU
		{A0ED2C7F-8715-48F9-8E0B-BF08D8B6C563}.Release|Any CPU.ActiveCfg = Release|Any CPU
		{A0ED2C7F-8715-48F9-8E0B-BF08D8B6C563}.Release|Any CPU.Build.0 = Release|Any CPU
	EndGlobalSection
	GlobalSection(SolutionProperties) = preSolution
		HideSolutionNode = FALSE
	EndGlobalSection
	GlobalSection(ExtensibilityGlobals) = postSolution
		SolutionGuid = {5A6FF1E5-9DCA-41D1-8CE4-60236184F902}
	EndGlobalSection
EndGlobal
